
Microsoft Visual Studio Solution File, Format Version 12.00
# Visual Studio 15
VisualStudioVersion = 15.0.28307.421
MinimumVisualStudioVersion = 10.0.40219.1
Project("{FAE04EC0-301F-11D3-BF4B-00C04F79EFBC}") = "Wprawki1", "Wprawki1\Wprawki1.csproj", "{2A783C64-8156-488D-A732-79615819320F}"
EndProject
Global
	GlobalSection(SolutionConfigurationPlatforms) = preSolution
		Debug|Any CPU = Debug|Any CPU
		Release|Any CPU = Release|Any CPU
	EndGlobalSection
	GlobalSection(ProjectConfigurationPlatforms) = postSolution
		{2A783C64-8156-488D-A732-79615819320F}.Debug|Any CPU.ActiveCfg = Debug|Any CPU
		{2A783C64-8156-488D-A732-79615819320F}.Debug|Any CPU.Build.0 = Debug|Any CPU
		{2A783C64-8156-488D-A732-79615819320F}.Release|Any CPU.ActiveCfg = Release|Any CPU
		{2A783C64-8156-488D-A732-79615819320F}.Release|Any CPU.Build.0 = Release|Any CPU
	EndGlobalSection
	GlobalSection(SolutionProperties) = preSolution
		HideSolutionNode = FALSE
	EndGlobalSection
	GlobalSection(ExtensibilityGlobals) = postSolution
		SolutionGuid = {197B65A4-CE5A-4257-B4A5-0B20E16DB391}
	EndGlobalSection
EndGlobal
